// !$*UTF8*$!
{
	archiveVersion = 1;
	classes = {
	};
	objectVersion = 46;
	objects = {

/* Begin PBXBuildFile section */
		0A1D43341F4EA83D00D6DECD /* TwitterFetcher.m in Sources */ = {isa = PBXBuildFile; fileRef = 0A1D43331F4EA83D00D6DECD /* TwitterFetcher.m */; };
		0A1D433C1F4ECD6100D6DECD /* UserProfileTableViewController.m in Sources */ = {isa = PBXBuildFile; fileRef = 0A1D433B1F4ECD6100D6DECD /* UserProfileTableViewController.m */; };
		0A1D433F1F4ECE5200D6DECD /* FetchUserProfileTVC.m in Sources */ = {isa = PBXBuildFile; fileRef = 0A1D433E1F4ECE5200D6DECD /* FetchUserProfileTVC.m */; };
		0A1D43411F4F551500D6DECD /* UserProfileTweetTableViewCell.xib in Resources */ = {isa = PBXBuildFile; fileRef = 0A1D43401F4F551500D6DECD /* UserProfileTweetTableViewCell.xib */; };
		0A1D43441F4F557D00D6DECD /* UserProfileTweetTableViewCell.m in Sources */ = {isa = PBXBuildFile; fileRef = 0A1D43431F4F557D00D6DECD /* UserProfileTweetTableViewCell.m */; };
		0A1D43471F4F598B00D6DECD /* TwitterUser.m in Sources */ = {isa = PBXBuildFile; fileRef = 0A1D43461F4F598B00D6DECD /* TwitterUser.m */; };
		0A28696A1F4D75B400F3135A /* main.m in Sources */ = {isa = PBXBuildFile; fileRef = 0A2869691F4D75B400F3135A /* main.m */; };
		0A28696D1F4D75B400F3135A /* AppDelegate.m in Sources */ = {isa = PBXBuildFile; fileRef = 0A28696C1F4D75B400F3135A /* AppDelegate.m */; };
		0A2869701F4D75B400F3135A /* ViewController.m in Sources */ = {isa = PBXBuildFile; fileRef = 0A28696F1F4D75B400F3135A /* ViewController.m */; };
		0A2869731F4D75B400F3135A /* Main.storyboard in Resources */ = {isa = PBXBuildFile; fileRef = 0A2869711F4D75B400F3135A /* Main.storyboard */; };
		0A2869751F4D75B400F3135A /* Assets.xcassets in Resources */ = {isa = PBXBuildFile; fileRef = 0A2869741F4D75B400F3135A /* Assets.xcassets */; };
		0A2869781F4D75B400F3135A /* LaunchScreen.storyboard in Resources */ = {isa = PBXBuildFile; fileRef = 0A2869761F4D75B400F3135A /* LaunchScreen.storyboard */; };
		0A2869831F4D75B400F3135A /* TwitterTests.m in Sources */ = {isa = PBXBuildFile; fileRef = 0A2869821F4D75B400F3135A /* TwitterTests.m */; };
		0A28698F1F4D780900F3135A /* LoginViewController.m in Sources */ = {isa = PBXBuildFile; fileRef = 0A28698E1F4D780900F3135A /* LoginViewController.m */; };
		0A2869921F4D78CC00F3135A /* NavigationHelper.m in Sources */ = {isa = PBXBuildFile; fileRef = 0A2869911F4D78CC00F3135A /* NavigationHelper.m */; };
		0A2869951F4D7D6D00F3135A /* HomeScreenCollectionViewController.m in Sources */ = {isa = PBXBuildFile; fileRef = 0A2869941F4D7D6D00F3135A /* HomeScreenCollectionViewController.m */; };
		0A2869981F4D87BD00F3135A /* FollowingTableViewController.m in Sources */ = {isa = PBXBuildFile; fileRef = 0A2869971F4D87BD00F3135A /* FollowingTableViewController.m */; };
		0A28699E1F4D8F9500F3135A /* FetchFollowingListTVC.m in Sources */ = {isa = PBXBuildFile; fileRef = 0A28699D1F4D8F9500F3135A /* FetchFollowingListTVC.m */; };
		0A2869A41F4DA5DA00F3135A /* CustomUserDetailCell.m in Sources */ = {isa = PBXBuildFile; fileRef = 0A2869A31F4DA5DA00F3135A /* CustomUserDetailCell.m */; };
		0A2869A61F4DA61B00F3135A /* CustomUserDetailCell.xib in Resources */ = {isa = PBXBuildFile; fileRef = 0A2869A51F4DA61B00F3135A /* CustomUserDetailCell.xib */; };
		65CEC2F4FF20E4E6400C7382 /* libPods-TwitterTests.a in Frameworks */ = {isa = PBXBuildFile; fileRef = E023468DAFF4BCB4D9525D8D /* libPods-TwitterTests.a */; };
		7F2B6538DAA3E3776144586C /* libPods-Twitter.a in Frameworks */ = {isa = PBXBuildFile; fileRef = 7010AF09E2AA118E4AEB005E /* libPods-Twitter.a */; };
/* End PBXBuildFile section */

/* Begin PBXContainerItemProxy section */
		0A28697F1F4D75B400F3135A /* PBXContainerItemProxy */ = {
			isa = PBXContainerItemProxy;
			containerPortal = 0A28695D1F4D75B400F3135A /* Project object */;
			proxyType = 1;
			remoteGlobalIDString = 0A2869641F4D75B400F3135A;
			remoteInfo = Twitter;
		};
/* End PBXContainerItemProxy section */

/* Begin PBXFileReference section */
		0A1D43321F4EA83D00D6DECD /* TwitterFetcher.h */ = {isa = PBXFileReference; fileEncoding = 4; lastKnownFileType = sourcecode.c.h; path = TwitterFetcher.h; sourceTree = "<group>"; };
		0A1D43331F4EA83D00D6DECD /* TwitterFetcher.m */ = {isa = PBXFileReference; fileEncoding = 4; lastKnownFileType = sourcecode.c.objc; path = TwitterFetcher.m; sourceTree = "<group>"; };
		0A1D433A1F4ECD6100D6DECD /* UserProfileTableViewController.h */ = {isa = PBXFileReference; fileEncoding = 4; lastKnownFileType = sourcecode.c.h; path = UserProfileTableViewController.h; sourceTree = "<group>"; };
		0A1D433B1F4ECD6100D6DECD /* UserProfileTableViewController.m */ = {isa = PBXFileReference; fileEncoding = 4; lastKnownFileType = sourcecode.c.objc; path = UserProfileTableViewController.m; sourceTree = "<group>"; };
		0A1D433D1F4ECE5200D6DECD /* FetchUserProfileTVC.h */ = {isa = PBXFileReference; fileEncoding = 4; lastKnownFileType = sourcecode.c.h; path = FetchUserProfileTVC.h; sourceTree = "<group>"; };
		0A1D433E1F4ECE5200D6DECD /* FetchUserProfileTVC.m */ = {isa = PBXFileReference; fileEncoding = 4; lastKnownFileType = sourcecode.c.objc; path = FetchUserProfileTVC.m; sourceTree = "<group>"; };
		0A1D43401F4F551500D6DECD /* UserProfileTweetTableViewCell.xib */ = {isa = PBXFileReference; fileEncoding = 4; lastKnownFileType = file.xib; path = UserProfileTweetTableViewCell.xib; sourceTree = "<group>"; };
		0A1D43421F4F557D00D6DECD /* UserProfileTweetTableViewCell.h */ = {isa = PBXFileReference; fileEncoding = 4; lastKnownFileType = sourcecode.c.h; path = UserProfileTweetTableViewCell.h; sourceTree = "<group>"; };
		0A1D43431F4F557D00D6DECD /* UserProfileTweetTableViewCell.m */ = {isa = PBXFileReference; fileEncoding = 4; lastKnownFileType = sourcecode.c.objc; path = UserProfileTweetTableViewCell.m; sourceTree = "<group>"; };
		0A1D43451F4F598B00D6DECD /* TwitterUser.h */ = {isa = PBXFileReference; fileEncoding = 4; lastKnownFileType = sourcecode.c.h; path = TwitterUser.h; sourceTree = "<group>"; };
		0A1D43461F4F598B00D6DECD /* TwitterUser.m */ = {isa = PBXFileReference; fileEncoding = 4; lastKnownFileType = sourcecode.c.objc; path = TwitterUser.m; sourceTree = "<group>"; };
		0A2869651F4D75B400F3135A /* Twitter.app */ = {isa = PBXFileReference; explicitFileType = wrapper.application; includeInIndex = 0; path = Twitter.app; sourceTree = BUILT_PRODUCTS_DIR; };
		0A2869691F4D75B400F3135A /* main.m */ = {isa = PBXFileReference; lastKnownFileType = sourcecode.c.objc; path = main.m; sourceTree = "<group>"; };
		0A28696B1F4D75B400F3135A /* AppDelegate.h */ = {isa = PBXFileReference; lastKnownFileType = sourcecode.c.h; path = AppDelegate.h; sourceTree = "<group>"; };
		0A28696C1F4D75B400F3135A /* AppDelegate.m */ = {isa = PBXFileReference; lastKnownFileType = sourcecode.c.objc; path = AppDelegate.m; sourceTree = "<group>"; };
		0A28696E1F4D75B400F3135A /* ViewController.h */ = {isa = PBXFileReference; lastKnownFileType = sourcecode.c.h; path = ViewController.h; sourceTree = "<group>"; };
		0A28696F1F4D75B400F3135A /* ViewController.m */ = {isa = PBXFileReference; lastKnownFileType = sourcecode.c.objc; path = ViewController.m; sourceTree = "<group>"; };
		0A2869721F4D75B400F3135A /* Base */ = {isa = PBXFileReference; lastKnownFileType = file.storyboard; name = Base; path = Base.lproj/Main.storyboard; sourceTree = "<group>"; };
		0A2869741F4D75B400F3135A /* Assets.xcassets */ = {isa = PBXFileReference; lastKnownFileType = folder.assetcatalog; path = Assets.xcassets; sourceTree = "<group>"; };
		0A2869771F4D75B400F3135A /* Base */ = {isa = PBXFileReference; lastKnownFileType = file.storyboard; name = Base; path = Base.lproj/LaunchScreen.storyboard; sourceTree = "<group>"; };
		0A2869791F4D75B400F3135A /* Info.plist */ = {isa = PBXFileReference; lastKnownFileType = text.plist.xml; path = Info.plist; sourceTree = "<group>"; };
		0A28697E1F4D75B400F3135A /* TwitterTests.xctest */ = {isa = PBXFileReference; explicitFileType = wrapper.cfbundle; includeInIndex = 0; path = TwitterTests.xctest; sourceTree = BUILT_PRODUCTS_DIR; };
		0A2869821F4D75B400F3135A /* TwitterTests.m */ = {isa = PBXFileReference; lastKnownFileType = sourcecode.c.objc; path = TwitterTests.m; sourceTree = "<group>"; };
		0A2869841F4D75B400F3135A /* Info.plist */ = {isa = PBXFileReference; lastKnownFileType = text.plist.xml; path = Info.plist; sourceTree = "<group>"; };
		0A28698D1F4D780900F3135A /* LoginViewController.h */ = {isa = PBXFileReference; fileEncoding = 4; lastKnownFileType = sourcecode.c.h; path = LoginViewController.h; sourceTree = "<group>"; };
		0A28698E1F4D780900F3135A /* LoginViewController.m */ = {isa = PBXFileReference; fileEncoding = 4; lastKnownFileType = sourcecode.c.objc; path = LoginViewController.m; sourceTree = "<group>"; };
		0A2869901F4D78CC00F3135A /* NavigationHelper.h */ = {isa = PBXFileReference; fileEncoding = 4; lastKnownFileType = sourcecode.c.h; path = NavigationHelper.h; sourceTree = "<group>"; };
		0A2869911F4D78CC00F3135A /* NavigationHelper.m */ = {isa = PBXFileReference; fileEncoding = 4; lastKnownFileType = sourcecode.c.objc; path = NavigationHelper.m; sourceTree = "<group>"; };
		0A2869931F4D7D6D00F3135A /* HomeScreenCollectionViewController.h */ = {isa = PBXFileReference; fileEncoding = 4; lastKnownFileType = sourcecode.c.h; path = HomeScreenCollectionViewController.h; sourceTree = "<group>"; };
		0A2869941F4D7D6D00F3135A /* HomeScreenCollectionViewController.m */ = {isa = PBXFileReference; fileEncoding = 4; lastKnownFileType = sourcecode.c.objc; path = HomeScreenCollectionViewController.m; sourceTree = "<group>"; };
		0A2869961F4D87BD00F3135A /* FollowingTableViewController.h */ = {isa = PBXFileReference; fileEncoding = 4; lastKnownFileType = sourcecode.c.h; path = FollowingTableViewController.h; sourceTree = "<group>"; };
		0A2869971F4D87BD00F3135A /* FollowingTableViewController.m */ = {isa = PBXFileReference; fileEncoding = 4; lastKnownFileType = sourcecode.c.objc; path = FollowingTableViewController.m; sourceTree = "<group>"; };
		0A28699C1F4D8F9500F3135A /* FetchFollowingListTVC.h */ = {isa = PBXFileReference; fileEncoding = 4; lastKnownFileType = sourcecode.c.h; path = FetchFollowingListTVC.h; sourceTree = "<group>"; };
		0A28699D1F4D8F9500F3135A /* FetchFollowingListTVC.m */ = {isa = PBXFileReference; fileEncoding = 4; lastKnownFileType = sourcecode.c.objc; path = FetchFollowingListTVC.m; sourceTree = "<group>"; };
		0A2869A21F4DA5DA00F3135A /* CustomUserDetailCell.h */ = {isa = PBXFileReference; fileEncoding = 4; lastKnownFileType = sourcecode.c.h; path = CustomUserDetailCell.h; sourceTree = "<group>"; };
		0A2869A31F4DA5DA00F3135A /* CustomUserDetailCell.m */ = {isa = PBXFileReference; fileEncoding = 4; lastKnownFileType = sourcecode.c.objc; path = CustomUserDetailCell.m; sourceTree = "<group>"; };
		0A2869A51F4DA61B00F3135A /* CustomUserDetailCell.xib */ = {isa = PBXFileReference; fileEncoding = 4; lastKnownFileType = file.xib; path = CustomUserDetailCell.xib; sourceTree = "<group>"; };
		39802BB1F61BC44163C792E2 /* Pods-TwitterTests.debug.xcconfig */ = {isa = PBXFileReference; includeInIndex = 1; lastKnownFileType = text.xcconfig; name = "Pods-TwitterTests.debug.xcconfig"; path = "Pods/Target Support Files/Pods-TwitterTests/Pods-TwitterTests.debug.xcconfig"; sourceTree = "<group>"; };
		7010AF09E2AA118E4AEB005E /* libPods-Twitter.a */ = {isa = PBXFileReference; explicitFileType = archive.ar; includeInIndex = 0; path = "libPods-Twitter.a"; sourceTree = BUILT_PRODUCTS_DIR; };
		7EF9EA335EEB058E5DD31D3F /* Pods-TwitterTests.release.xcconfig */ = {isa = PBXFileReference; includeInIndex = 1; lastKnownFileType = text.xcconfig; name = "Pods-TwitterTests.release.xcconfig"; path = "Pods/Target Support Files/Pods-TwitterTests/Pods-TwitterTests.release.xcconfig"; sourceTree = "<group>"; };
		B09A0450307149871EBCA9D9 /* Pods-Twitter.release.xcconfig */ = {isa = PBXFileReference; includeInIndex = 1; lastKnownFileType = text.xcconfig; name = "Pods-Twitter.release.xcconfig"; path = "Pods/Target Support Files/Pods-Twitter/Pods-Twitter.release.xcconfig"; sourceTree = "<group>"; };
		E023468DAFF4BCB4D9525D8D /* libPods-TwitterTests.a */ = {isa = PBXFileReference; explicitFileType = archive.ar; includeInIndex = 0; path = "libPods-TwitterTests.a"; sourceTree = BUILT_PRODUCTS_DIR; };
		F3907BB2D387115952DF8730 /* Pods-Twitter.debug.xcconfig */ = {isa = PBXFileReference; includeInIndex = 1; lastKnownFileType = text.xcconfig; name = "Pods-Twitter.debug.xcconfig"; path = "Pods/Target Support Files/Pods-Twitter/Pods-Twitter.debug.xcconfig"; sourceTree = "<group>"; };
/* End PBXFileReference section */

/* Begin PBXFrameworksBuildPhase section */
		0A2869621F4D75B400F3135A /* Frameworks */ = {
			isa = PBXFrameworksBuildPhase;
			buildActionMask = 2147483647;
			files = (
				7F2B6538DAA3E3776144586C /* libPods-Twitter.a in Frameworks */,
			);
			runOnlyForDeploymentPostprocessing = 0;
		};
		0A28697B1F4D75B400F3135A /* Frameworks */ = {
			isa = PBXFrameworksBuildPhase;
			buildActionMask = 2147483647;
			files = (
				65CEC2F4FF20E4E6400C7382 /* libPods-TwitterTests.a in Frameworks */,
			);
			runOnlyForDeploymentPostprocessing = 0;
		};
/* End PBXFrameworksBuildPhase section */

/* Begin PBXGroup section */
		0A1D43351F4EAC1400D6DECD /* FollowingList */ = {
			isa = PBXGroup;
			children = (
				0A2869961F4D87BD00F3135A /* FollowingTableViewController.h */,
				0A2869971F4D87BD00F3135A /* FollowingTableViewController.m */,
				0A28699C1F4D8F9500F3135A /* FetchFollowingListTVC.h */,
				0A28699D1F4D8F9500F3135A /* FetchFollowingListTVC.m */,
				0A2869A51F4DA61B00F3135A /* CustomUserDetailCell.xib */,
				0A2869A21F4DA5DA00F3135A /* CustomUserDetailCell.h */,
				0A2869A31F4DA5DA00F3135A /* CustomUserDetailCell.m */,
			);
			name = FollowingList;
			sourceTree = "<group>";
		};
		0A1D43371F4EAC4400D6DECD /* Login */ = {
			isa = PBXGroup;
			children = (
				0A2869901F4D78CC00F3135A /* NavigationHelper.h */,
				0A2869911F4D78CC00F3135A /* NavigationHelper.m */,
				0A28698D1F4D780900F3135A /* LoginViewController.h */,
				0A28698E1F4D780900F3135A /* LoginViewController.m */,
			);
			name = Login;
			sourceTree = "<group>";
		};
		0A1D43381F4EAC8F00D6DECD /* TwitterFetcher */ = {
			isa = PBXGroup;
			children = (
				0A1D43321F4EA83D00D6DECD /* TwitterFetcher.h */,
				0A1D43331F4EA83D00D6DECD /* TwitterFetcher.m */,
				0A1D43451F4F598B00D6DECD /* TwitterUser.h */,
				0A1D43461F4F598B00D6DECD /* TwitterUser.m */,
			);
			name = TwitterFetcher;
			sourceTree = "<group>";
		};
		0A1D43391F4ECD3700D6DECD /* UserProfile */ = {
			isa = PBXGroup;
			children = (
				0A1D433A1F4ECD6100D6DECD /* UserProfileTableViewController.h */,
				0A1D433B1F4ECD6100D6DECD /* UserProfileTableViewController.m */,
				0A1D433D1F4ECE5200D6DECD /* FetchUserProfileTVC.h */,
				0A1D433E1F4ECE5200D6DECD /* FetchUserProfileTVC.m */,
				0A1D43401F4F551500D6DECD /* UserProfileTweetTableViewCell.xib */,
				0A1D43421F4F557D00D6DECD /* UserProfileTweetTableViewCell.h */,
				0A1D43431F4F557D00D6DECD /* UserProfileTweetTableViewCell.m */,
			);
			name = UserProfile;
			sourceTree = "<group>";
		};
		0A28695C1F4D75B400F3135A = {
			isa = PBXGroup;
			children = (
				0A2869671F4D75B400F3135A /* Twitter */,
				0A2869811F4D75B400F3135A /* TwitterTests */,
				0A2869661F4D75B400F3135A /* Products */,
				C23F6FB9F9E122E5AB7D0128 /* Pods */,
				400FFDD1A36DA577FDC983C2 /* Frameworks */,
			);
			sourceTree = "<group>";
		};
		0A2869661F4D75B400F3135A /* Products */ = {
			isa = PBXGroup;
			children = (
				0A2869651F4D75B400F3135A /* Twitter.app */,
				0A28697E1F4D75B400F3135A /* TwitterTests.xctest */,
			);
			name = Products;
			sourceTree = "<group>";
		};
		0A2869671F4D75B400F3135A /* Twitter */ = {
			isa = PBXGroup;
			children = (
				0A1D43381F4EAC8F00D6DECD /* TwitterFetcher */,
				0A1D43371F4EAC4400D6DECD /* Login */,
				0A1D43351F4EAC1400D6DECD /* FollowingList */,
				0A1D43391F4ECD3700D6DECD /* UserProfile */,
				0A2869941F4D7D6D00F3135A /* HomeScreenCollectionViewController.m */,
				0A28696E1F4D75B400F3135A /* ViewController.h */,
				0A2869931F4D7D6D00F3135A /* HomeScreenCollectionViewController.h */,
				0A28696F1F4D75B400F3135A /* ViewController.m */,
				0A2869711F4D75B400F3135A /* Main.storyboard */,
				0A2869741F4D75B400F3135A /* Assets.xcassets */,
				0A2869761F4D75B400F3135A /* LaunchScreen.storyboard */,
				0A2869791F4D75B400F3135A /* Info.plist */,
				0A2869681F4D75B400F3135A /* Supporting Files */,
			);
			path = Twitter;
			sourceTree = "<group>";
		};
		0A2869681F4D75B400F3135A /* Supporting Files */ = {
			isa = PBXGroup;
			children = (
				0A28696B1F4D75B400F3135A /* AppDelegate.h */,
				0A28696C1F4D75B400F3135A /* AppDelegate.m */,
				0A2869691F4D75B400F3135A /* main.m */,
			);
			name = "Supporting Files";
			sourceTree = "<group>";
		};
		0A2869811F4D75B400F3135A /* TwitterTests */ = {
			isa = PBXGroup;
			children = (
				0A2869821F4D75B400F3135A /* TwitterTests.m */,
				0A2869841F4D75B400F3135A /* Info.plist */,
			);
			path = TwitterTests;
			sourceTree = "<group>";
		};
		400FFDD1A36DA577FDC983C2 /* Frameworks */ = {
			isa = PBXGroup;
			children = (
				7010AF09E2AA118E4AEB005E /* libPods-Twitter.a */,
				E023468DAFF4BCB4D9525D8D /* libPods-TwitterTests.a */,
			);
			name = Frameworks;
			sourceTree = "<group>";
		};
		C23F6FB9F9E122E5AB7D0128 /* Pods */ = {
			isa = PBXGroup;
			children = (
				F3907BB2D387115952DF8730 /* Pods-Twitter.debug.xcconfig */,
				B09A0450307149871EBCA9D9 /* Pods-Twitter.release.xcconfig */,
				39802BB1F61BC44163C792E2 /* Pods-TwitterTests.debug.xcconfig */,
				7EF9EA335EEB058E5DD31D3F /* Pods-TwitterTests.release.xcconfig */,
			);
			name = Pods;
			sourceTree = "<group>";
		};
/* End PBXGroup section */

/* Begin PBXNativeTarget section */
		0A2869641F4D75B400F3135A /* Twitter */ = {
			isa = PBXNativeTarget;
			buildConfigurationList = 0A2869871F4D75B400F3135A /* Build configuration list for PBXNativeTarget "Twitter" */;
			buildPhases = (
				BEA80573CF715B075DD92ACD /* [CP] Check Pods Manifest.lock */,
				0A2869611F4D75B400F3135A /* Sources */,
				0A2869621F4D75B400F3135A /* Frameworks */,
				0A2869631F4D75B400F3135A /* Resources */,
				B2D215E916897E2836ECF769 /* [CP] Embed Pods Frameworks */,
				3DC9C28DB7006C10F5FEAE7C /* [CP] Copy Pods Resources */,
			);
			buildRules = (
			);
			dependencies = (
			);
			name = Twitter;
			productName = Twitter;
			productReference = 0A2869651F4D75B400F3135A /* Twitter.app */;
			productType = "com.apple.product-type.application";
		};
		0A28697D1F4D75B400F3135A /* TwitterTests */ = {
			isa = PBXNativeTarget;
			buildConfigurationList = 0A28698A1F4D75B400F3135A /* Build configuration list for PBXNativeTarget "TwitterTests" */;
			buildPhases = (
				0214307CFE8C26B0B44F535B /* [CP] Check Pods Manifest.lock */,
				0A28697A1F4D75B400F3135A /* Sources */,
				0A28697B1F4D75B400F3135A /* Frameworks */,
				0A28697C1F4D75B400F3135A /* Resources */,
				A8D903A076E3E5E0BC58A717 /* [CP] Embed Pods Frameworks */,
				7714DDB5DF25DFD487ED7BD2 /* [CP] Copy Pods Resources */,
			);
			buildRules = (
			);
			dependencies = (
				0A2869801F4D75B400F3135A /* PBXTargetDependency */,
			);
			name = TwitterTests;
			productName = TwitterTests;
			productReference = 0A28697E1F4D75B400F3135A /* TwitterTests.xctest */;
			productType = "com.apple.product-type.bundle.unit-test";
		};
/* End PBXNativeTarget section */

/* Begin PBXProject section */
		0A28695D1F4D75B400F3135A /* Project object */ = {
			isa = PBXProject;
			attributes = {
				LastUpgradeCheck = 0830;
				ORGANIZATIONNAME = TNET;
				TargetAttributes = {
					0A2869641F4D75B400F3135A = {
						CreatedOnToolsVersion = 8.3.3;
						ProvisioningStyle = Automatic;
					};
					0A28697D1F4D75B400F3135A = {
						CreatedOnToolsVersion = 8.3.3;
						ProvisioningStyle = Automatic;
						TestTargetID = 0A2869641F4D75B400F3135A;
					};
				};
			};
			buildConfigurationList = 0A2869601F4D75B400F3135A /* Build configuration list for PBXProject "Twitter" */;
			compatibilityVersion = "Xcode 3.2";
			developmentRegion = English;
			hasScannedForEncodings = 0;
			knownRegions = (
				en,
				Base,
			);
			mainGroup = 0A28695C1F4D75B400F3135A;
			productRefGroup = 0A2869661F4D75B400F3135A /* Products */;
			projectDirPath = "";
			projectRoot = "";
			targets = (
				0A2869641F4D75B400F3135A /* Twitter */,
				0A28697D1F4D75B400F3135A /* TwitterTests */,
			);
		};
/* End PBXProject section */

/* Begin PBXResourcesBuildPhase section */
		0A2869631F4D75B400F3135A /* Resources */ = {
			isa = PBXResourcesBuildPhase;
			buildActionMask = 2147483647;
			files = (
				0A1D43411F4F551500D6DECD /* UserProfileTweetTableViewCell.xib in Resources */,
				0A2869781F4D75B400F3135A /* LaunchScreen.storyboard in Resources */,
				0A2869751F4D75B400F3135A /* Assets.xcassets in Resources */,
				0A2869A61F4DA61B00F3135A /* CustomUserDetailCell.xib in Resources */,
				0A2869731F4D75B400F3135A /* Main.storyboard in Resources */,
			);
			runOnlyForDeploymentPostprocessing = 0;
		};
		0A28697C1F4D75B400F3135A /* Resources */ = {
			isa = PBXResourcesBuildPhase;
			buildActionMask = 2147483647;
			files = (
			);
			runOnlyForDeploymentPostprocessing = 0;
		};
/* End PBXResourcesBuildPhase section */

/* Begin PBXShellScriptBuildPhase section */
		0214307CFE8C26B0B44F535B /* [CP] Check Pods Manifest.lock */ = {
			isa = PBXShellScriptBuildPhase;
			buildActionMask = 2147483647;
			files = (
			);
			inputPaths = (
				"${PODS_PODFILE_DIR_PATH}/Podfile.lock",
				"${PODS_ROOT}/Manifest.lock",
			);
			name = "[CP] Check Pods Manifest.lock";
			outputPaths = (
				"$(DERIVED_FILE_DIR)/Pods-TwitterTests-checkManifestLockResult.txt",
			);
			runOnlyForDeploymentPostprocessing = 0;
			shellPath = /bin/sh;
			shellScript = "diff \"${PODS_PODFILE_DIR_PATH}/Podfile.lock\" \"${PODS_ROOT}/Manifest.lock\" > /dev/null\nif [ $? != 0 ] ; then\n    # print error to STDERR\n    echo \"error: The sandbox is not in sync with the Podfile.lock. Run 'pod install' or update your CocoaPods installation.\" >&2\n    exit 1\nfi\n# This output is used by Xcode 'outputs' to avoid re-running this script phase.\necho \"SUCCESS\" > \"${SCRIPT_OUTPUT_FILE_0}\"\n";
			showEnvVarsInLog = 0;
		};
		3DC9C28DB7006C10F5FEAE7C /* [CP] Copy Pods Resources */ = {
			isa = PBXShellScriptBuildPhase;
			buildActionMask = 2147483647;
			files = (
			);
			inputPaths = (
				"${SRCROOT}/Pods/Target Support Files/Pods-Twitter/Pods-Twitter-resources.sh",
				"${PODS_ROOT}/TwitterKit/iOS/TwitterKit.framework/TwitterKitResources.bundle",
				"${PODS_ROOT}/TwitterKit/iOS/TwitterKit.framework/TwitterShareExtensionUIResources.bundle",
			);
			name = "[CP] Copy Pods Resources";
			outputPaths = (
				"${TARGET_BUILD_DIR}/${UNLOCALIZED_RESOURCES_FOLDER_PATH}",
			);
			runOnlyForDeploymentPostprocessing = 0;
			shellPath = /bin/sh;
			shellScript = "\"${SRCROOT}/Pods/Target Support Files/Pods-Twitter/Pods-Twitter-resources.sh\"\n";
			showEnvVarsInLog = 0;
		};
		7714DDB5DF25DFD487ED7BD2 /* [CP] Copy Pods Resources */ = {
			isa = PBXShellScriptBuildPhase;
			buildActionMask = 2147483647;
			files = (
			);
			inputPaths = (
			);
			name = "[CP] Copy Pods Resources";
			outputPaths = (
			);
			runOnlyForDeploymentPostprocessing = 0;
			shellPath = /bin/sh;
			shellScript = "\"${SRCROOT}/Pods/Target Support Files/Pods-TwitterTests/Pods-TwitterTests-resources.sh\"\n";
			showEnvVarsInLog = 0;
		};
		A8D903A076E3E5E0BC58A717 /* [CP] Embed Pods Frameworks */ = {
			isa = PBXShellScriptBuildPhase;
			buildActionMask = 2147483647;
			files = (
			);
			inputPaths = (
			);
			name = "[CP] Embed Pods Frameworks";
			outputPaths = (
			);
			runOnlyForDeploymentPostprocessing = 0;
			shellPath = /bin/sh;
			shellScript = "\"${SRCROOT}/Pods/Target Support Files/Pods-TwitterTests/Pods-TwitterTests-frameworks.sh\"\n";
			showEnvVarsInLog = 0;
		};
		B2D215E916897E2836ECF769 /* [CP] Embed Pods Frameworks */ = {
			isa = PBXShellScriptBuildPhase;
			buildActionMask = 2147483647;
			files = (
			);
			inputPaths = (
			);
			name = "[CP] Embed Pods Frameworks";
			outputPaths = (
			);
			runOnlyForDeploymentPostprocessing = 0;
			shellPath = /bin/sh;
			shellScript = "\"${SRCROOT}/Pods/Target Support Files/Pods-Twitter/Pods-Twitter-frameworks.sh\"\n";
			showEnvVarsInLog = 0;
		};
		BEA80573CF715B075DD92ACD /* [CP] Check Pods Manifest.lock */ = {
			isa = PBXShellScriptBuildPhase;
			buildActionMask = 2147483647;
			files = (
			);
			inputPaths = (
				"${PODS_PODFILE_DIR_PATH}/Podfile.lock",
				"${PODS_ROOT}/Manifest.lock",
			);
			name = "[CP] Check Pods Manifest.lock";
			outputPaths = (
				"$(DERIVED_FILE_DIR)/Pods-Twitter-checkManifestLockResult.txt",
			);
			runOnlyForDeploymentPostprocessing = 0;
			shellPath = /bin/sh;
			shellScript = "diff \"${PODS_PODFILE_DIR_PATH}/Podfile.lock\" \"${PODS_ROOT}/Manifest.lock\" > /dev/null\nif [ $? != 0 ] ; then\n    # print error to STDERR\n    echo \"error: The sandbox is not in sync with the Podfile.lock. Run 'pod install' or update your CocoaPods installation.\" >&2\n    exit 1\nfi\n# This output is used by Xcode 'outputs' to avoid re-running this script phase.\necho \"SUCCESS\" > \"${SCRIPT_OUTPUT_FILE_0}\"\n";
			showEnvVarsInLog = 0;
		};
/* End PBXShellScriptBuildPhase section */

/* Begin PBXSourcesBuildPhase section */
		0A2869611F4D75B400F3135A /* Sources */ = {
			isa = PBXSourcesBuildPhase;
			buildActionMask = 2147483647;
			files = (
				0A1D43441F4F557D00D6DECD /* UserProfileTweetTableViewCell.m in Sources */,
				0A28698F1F4D780900F3135A /* LoginViewController.m in Sources */,
				0A1D43341F4EA83D00D6DECD /* TwitterFetcher.m in Sources */,
				0A1D433C1F4ECD6100D6DECD /* UserProfileTableViewController.m in Sources */,
				0A2869951F4D7D6D00F3135A /* HomeScreenCollectionViewController.m in Sources */,
				0A2869701F4D75B400F3135A /* ViewController.m in Sources */,
				0A28696D1F4D75B400F3135A /* AppDelegate.m in Sources */,
				0A28696A1F4D75B400F3135A /* main.m in Sources */,
				0A1D43471F4F598B00D6DECD /* TwitterUser.m in Sources */,
				0A1D433F1F4ECE5200D6DECD /* FetchUserProfileTVC.m in Sources */,
				0A2869921F4D78CC00F3135A /* NavigationHelper.m in Sources */,
				0A28699E1F4D8F9500F3135A /* FetchFollowingListTVC.m in Sources */,
				0A2869981F4D87BD00F3135A /* FollowingTableViewController.m in Sources */,
				0A2869A41F4DA5DA00F3135A /* CustomUserDetailCell.m in Sources */,
			);
			runOnlyForDeploymentPostprocessing = 0;
		};
		0A28697A1F4D75B400F3135A /* Sources */ = {
			isa = PBXSourcesBuildPhase;
			buildActionMask = 2147483647;
			files = (
				0A2869831F4D75B400F3135A /* TwitterTests.m in Sources */,
			);
			runOnlyForDeploymentPostprocessing = 0;
		};
/* End PBXSourcesBuildPhase section */

/* Begin PBXTargetDependency section */
		0A2869801F4D75B400F3135A /* PBXTargetDependency */ = {
			isa = PBXTargetDependency;
			target = 0A2869641F4D75B400F3135A /* Twitter */;
			targetProxy = 0A28697F1F4D75B400F3135A /* PBXContainerItemProxy */;
		};
/* End PBXTargetDependency section */

/* Begin PBXVariantGroup section */
		0A2869711F4D75B400F3135A /* Main.storyboard */ = {
			isa = PBXVariantGroup;
			children = (
				0A2869721F4D75B400F3135A /* Base */,
			);
			name = Main.storyboard;
			sourceTree = "<group>";
		};
		0A2869761F4D75B400F3135A /* LaunchScreen.storyboard */ = {
			isa = PBXVariantGroup;
			children = (
				0A2869771F4D75B400F3135A /* Base */,
			);
			name = LaunchScreen.storyboard;
			sourceTree = "<group>";
		};
/* End PBXVariantGroup section */

/* Begin XCBuildConfiguration section */
		0A2869851F4D75B400F3135A /* Debug */ = {
			isa = XCBuildConfiguration;
			buildSettings = {
				ALWAYS_SEARCH_USER_PATHS = NO;
				CLANG_ANALYZER_NONNULL = YES;
				CLANG_ANALYZER_NUMBER_OBJECT_CONVERSION = YES_AGGRESSIVE;
				CLANG_CXX_LANGUAGE_STANDARD = "gnu++0x";
				CLANG_CXX_LIBRARY = "libc++";
				CLANG_ENABLE_MODULES = YES;
				CLANG_ENABLE_OBJC_ARC = YES;
				CLANG_WARN_BOOL_CONVERSION = YES;
				CLANG_WARN_CONSTANT_CONVERSION = YES;
				CLANG_WARN_DIRECT_OBJC_ISA_USAGE = YES_ERROR;
				CLANG_WARN_DOCUMENTATION_COMMENTS = YES;
				CLANG_WARN_EMPTY_BODY = YES;
				CLANG_WARN_ENUM_CONVERSION = YES;
				CLANG_WARN_INFINITE_RECURSION = YES;
				CLANG_WARN_INT_CONVERSION = YES;
				CLANG_WARN_OBJC_ROOT_CLASS = YES_ERROR;
				CLANG_WARN_SUSPICIOUS_MOVE = YES;
				CLANG_WARN_UNREACHABLE_CODE = YES;
				CLANG_WARN__DUPLICATE_METHOD_MATCH = YES;
				"CODE_SIGN_IDENTITY[sdk=iphoneos*]" = "iPhone Developer";
				COPY_PHASE_STRIP = NO;
				DEBUG_INFORMATION_FORMAT = dwarf;
				ENABLE_STRICT_OBJC_MSGSEND = YES;
				ENABLE_TESTABILITY = YES;
				GCC_C_LANGUAGE_STANDARD = gnu99;
				GCC_DYNAMIC_NO_PIC = NO;
				GCC_NO_COMMON_BLOCKS = YES;
				GCC_OPTIMIZATION_LEVEL = 0;
				GCC_PREPROCESSOR_DEFINITIONS = (
					"DEBUG=1",
					"$(inherited)",
				);
				GCC_WARN_64_TO_32_BIT_CONVERSION = YES;
				GCC_WARN_ABOUT_RETURN_TYPE = YES_ERROR;
				GCC_WARN_UNDECLARED_SELECTOR = YES;
				GCC_WARN_UNINITIALIZED_AUTOS = YES_AGGRESSIVE;
				GCC_WARN_UNUSED_FUNCTION = YES;
				GCC_WARN_UNUSED_VARIABLE = YES;
				IPHONEOS_DEPLOYMENT_TARGET = 10.3;
				MTL_ENABLE_DEBUG_INFO = YES;
				ONLY_ACTIVE_ARCH = YES;
				SDKROOT = iphoneos;
				TARGETED_DEVICE_FAMILY = "1,2";
			};
			name = Debug;
		};
		0A2869861F4D75B400F3135A /* Release */ = {
			isa = XCBuildConfiguration;
			buildSettings = {
				ALWAYS_SEARCH_USER_PATHS = NO;
				CLANG_ANALYZER_NONNULL = YES;
				CLANG_ANALYZER_NUMBER_OBJECT_CONVERSION = YES_AGGRESSIVE;
				CLANG_CXX_LANGUAGE_STANDARD = "gnu++0x";
				CLANG_CXX_LIBRARY = "libc++";
				CLANG_ENABLE_MODULES = YES;
				CLANG_ENABLE_OBJC_ARC = YES;
				CLANG_WARN_BOOL_CONVERSION = YES;
				CLANG_WARN_CONSTANT_CONVERSION = YES;
				CLANG_WARN_DIRECT_OBJC_ISA_USAGE = YES_ERROR;
				CLANG_WARN_DOCUMENTATION_COMMENTS = YES;
				CLANG_WARN_EMPTY_BODY = YES;
				CLANG_WARN_ENUM_CONVERSION = YES;
				CLANG_WARN_INFINITE_RECURSION = YES;
				CLANG_WARN_INT_CONVERSION = YES;
				CLANG_WARN_OBJC_ROOT_CLASS = YES_ERROR;
				CLANG_WARN_SUSPICIOUS_MOVE = YES;
				CLANG_WARN_UNREACHABLE_CODE = YES;
				CLANG_WARN__DUPLICATE_METHOD_MATCH = YES;
				"CODE_SIGN_IDENTITY[sdk=iphoneos*]" = "iPhone Developer";
				COPY_PHASE_STRIP = NO;
				DEBUG_INFORMATION_FORMAT = "dwarf-with-dsym";
				ENABLE_NS_ASSERTIONS = NO;
				ENABLE_STRICT_OBJC_MSGSEND = YES;
				GCC_C_LANGUAGE_STANDARD = gnu99;
				GCC_NO_COMMON_BLOCKS = YES;
				GCC_WARN_64_TO_32_BIT_CONVERSION = YES;
				GCC_WARN_ABOUT_RETURN_TYPE = YES_ERROR;
				GCC_WARN_UNDECLARED_SELECTOR = YES;
				GCC_WARN_UNINITIALIZED_AUTOS = YES_AGGRESSIVE;
				GCC_WARN_UNUSED_FUNCTION = YES;
				GCC_WARN_UNUSED_VARIABLE = YES;
				IPHONEOS_DEPLOYMENT_TARGET = 10.3;
				MTL_ENABLE_DEBUG_INFO = NO;
				SDKROOT = iphoneos;
				TARGETED_DEVICE_FAMILY = "1,2";
				VALIDATE_PRODUCT = YES;
			};
			name = Release;
		};
		0A2869881F4D75B400F3135A /* Debug */ = {
			isa = XCBuildConfiguration;
			baseConfigurationReference = F3907BB2D387115952DF8730 /* Pods-Twitter.debug.xcconfig */;
			buildSettings = {
				ASSETCATALOG_COMPILER_APPICON_NAME = AppIcon;
				INFOPLIST_FILE = Twitter/Info.plist;
				LD_RUNPATH_SEARCH_PATHS = "$(inherited) @executable_path/Frameworks";
				PRODUCT_BUNDLE_IDENTIFIER = com.flock.Twitter;
				PRODUCT_NAME = "$(TARGET_NAME)";
			};
			name = Debug;
		};
		0A2869891F4D75B400F3135A /* Release */ = {
			isa = XCBuildConfiguration;
			baseConfigurationReference = B09A0450307149871EBCA9D9 /* Pods-Twitter.release.xcconfig */;
			buildSettings = {
				ASSETCATALOG_COMPILER_APPICON_NAME = AppIcon;
				INFOPLIST_FILE = Twitter/Info.plist;
				LD_RUNPATH_SEARCH_PATHS = "$(inherited) @executable_path/Frameworks";
				PRODUCT_BUNDLE_IDENTIFIER = com.flock.Twitter;
				PRODUCT_NAME = "$(TARGET_NAME)";
			};
			name = Release;
		};
		0A28698B1F4D75B400F3135A /* Debug */ = {
			isa = XCBuildConfiguration;
			baseConfigurationReference = 39802BB1F61BC44163C792E2 /* Pods-TwitterTests.debug.xcconfig */;
			buildSettings = {
				BUNDLE_LOADER = "$(TEST_HOST)";
				INFOPLIST_FILE = TwitterTests/Info.plist;
				LD_RUNPATH_SEARCH_PATHS = "$(inherited) @executable_path/Frameworks @loader_path/Frameworks";
				PRODUCT_BUNDLE_IDENTIFIER = com.flock.TwitterTests;
				PRODUCT_NAME = "$(TARGET_NAME)";
				TEST_HOST = "$(BUILT_PRODUCTS_DIR)/Twitter.app/Twitter";
			};
			name = Debug;
		};
		0A28698C1F4D75B400F3135A /* Release */ = {
			isa = XCBuildConfiguration;
			baseConfigurationReference = 7EF9EA335EEB058E5DD31D3F /* Pods-TwitterTests.release.xcconfig */;
			buildSettings = {
				BUNDLE_LOADER = "$(TEST_HOST)";
				INFOPLIST_FILE = TwitterTests/Info.plist;
				LD_RUNPATH_SEARCH_PATHS = "$(inherited) @executable_path/Frameworks @loader_path/Frameworks";
				PRODUCT_BUNDLE_IDENTIFIER = com.flock.TwitterTests;
				PRODUCT_NAME = "$(TARGET_NAME)";
				TEST_HOST = "$(BUILT_PRODUCTS_DIR)/Twitter.app/Twitter";
			};
			name = Release;
		};
/* End XCBuildConfiguration section */

/* Begin XCConfigurationList section */
		0A2869601F4D75B400F3135A /* Build configuration list for PBXProject "Twitter" */ = {
			isa = XCConfigurationList;
			buildConfigurations = (
				0A2869851F4D75B400F3135A /* Debug */,
				0A2869861F4D75B400F3135A /* Release */,
			);
			defaultConfigurationIsVisible = 0;
			defaultConfigurationName = Release;
		};
		0A2869871F4D75B400F3135A /* Build configuration list for PBXNativeTarget "Twitter" */ = {
			isa = XCConfigurationList;
			buildConfigurations = (
				0A2869881F4D75B400F3135A /* Debug */,
				0A2869891F4D75B400F3135A /* Release */,
			);
			defaultConfigurationIsVisible = 0;
			defaultConfigurationName = Release;
		};
		0A28698A1F4D75B400F3135A /* Build configuration list for PBXNativeTarget "TwitterTests" */ = {
			isa = XCConfigurationList;
			buildConfigurations = (
				0A28698B1F4D75B400F3135A /* Debug */,
				0A28698C1F4D75B400F3135A /* Release */,
			);
			defaultConfigurationIsVisible = 0;
			defaultConfigurationName = Release;
		};
/* End XCConfigurationList section */
	};
	rootObject = 0A28695D1F4D75B400F3135A /* Project object */;
}
